
Microsoft Visual Studio Solution File, Format Version 12.00
# Visual Studio Version 16
VisualStudioVersion = 16.0.30907.101
MinimumVisualStudioVersion = 10.0.40219.1
Project("{FAE04EC0-301F-11D3-BF4B-00C04F79EFBC}") = "ExceptionHandling", "ExceptionHandling.csproj", "{AE6D9B37-C11C-4B67-9D9F-A4F1FFF1D51D}"
EndProject
Global
	GlobalSection(SolutionConfigurationPlatforms) = preSolution
		Debug|Any CPU = Debug|Any CPU
		Release|Any CPU = Release|Any CPU
	EndGlobalSection
	GlobalSection(ProjectConfigurationPlatforms) = postSolution
		{AE6D9B37-C11C-4B67-9D9F-A4F1FFF1D51D}.Debug|Any CPU.ActiveCfg = Debug|Any CPU
		{AE6D9B37-C11C-4B67-9D9F-A4F1FFF1D51D}.Debug|Any CPU.Build.0 = Debug|Any CPU
		{AE6D9B37-C11C-4B67-9D9F-A4F1FFF1D51D}.Release|Any CPU.ActiveCfg = Release|Any CPU
		{AE6D9B37-C11C-4B67-9D9F-A4F1FFF1D51D}.Release|Any CPU.Build.0 = Release|Any CPU
	EndGlobalSection
	GlobalSection(SolutionProperties) = preSolution
		HideSolutionNode = FALSE
	EndGlobalSection
	GlobalSection(ExtensibilityGlobals) = postSolution
		SolutionGuid = {94B449C9-2E7B-4326-8533-88A0030CCE7F}
	EndGlobalSection
EndGlobal
