
Microsoft Visual Studio Solution File, Format Version 12.00
# Visual Studio Version 16
VisualStudioVersion = 16.0.30907.101
MinimumVisualStudioVersion = 10.0.40219.1
Project("{FAE04EC0-301F-11D3-BF4B-00C04F79EFBC}") = "TodoApi", "TodoApi.csproj", "{A5F61C50-2B0F-4036-B559-E37B9CE2EA15}"
EndProject
Global
	GlobalSection(SolutionConfigurationPlatforms) = preSolution
		Debug|Any CPU = Debug|Any CPU
		Release|Any CPU = Release|Any CPU
	EndGlobalSection
	GlobalSection(ProjectConfigurationPlatforms) = postSolution
		{A5F61C50-2B0F-4036-B559-E37B9CE2EA15}.Debug|Any CPU.ActiveCfg = Debug|Any CPU
		{A5F61C50-2B0F-4036-B559-E37B9CE2EA15}.Debug|Any CPU.Build.0 = Debug|Any CPU
		{A5F61C50-2B0F-4036-B559-E37B9CE2EA15}.Release|Any CPU.ActiveCfg = Release|Any CPU
		{A5F61C50-2B0F-4036-B559-E37B9CE2EA15}.Release|Any CPU.Build.0 = Release|Any CPU
	EndGlobalSection
	GlobalSection(SolutionProperties) = preSolution
		HideSolutionNode = FALSE
	EndGlobalSection
	GlobalSection(ExtensibilityGlobals) = postSolution
		SolutionGuid = {32941552-E81D-4C9D-9D99-AF86CF1256E7}
	EndGlobalSection
EndGlobal
